
Microsoft Visual Studio Solution File, Format Version 12.00
# Visual Studio Version 17
VisualStudioVersion = 17.7.34031.279
MinimumVisualStudioVersion = 10.0.40219.1
Project("{9A19103F-16F7-4668-BE54-9A1E7A4F7556}") = "01Arrays", "01Arrays\01Arrays.csproj", "{3825E5C7-F5E6-46E2-A315-31C4CB88FA93}"
EndProject
Project("{9A19103F-16F7-4668-BE54-9A1E7A4F7556}") = "02ClasseArray_Metodos", "02ClasseArray_Metodos\02ClasseArray_Metodos.csproj", "{5A4CD66A-CB82-4F91-A504-FDF87836CBF5}"
EndProject
Project("{9A19103F-16F7-4668-BE54-9A1E7A4F7556}") = "03Exercicio", "03Exercicio\03Exercicio.csproj", "{32E02B6A-B006-43E6-BA6D-C8D310573931}"
EndProject
Project("{9A19103F-16F7-4668-BE54-9A1E7A4F7556}") = "04Modificador_Params", "04Modificador_Params\04Modificador_Params.csproj", "{820ABAAD-295D-408B-BF59-9A83B1083DAF}"
EndProject
Project("{9A19103F-16F7-4668-BE54-9A1E7A4F7556}") = "05ArraysBidimensionais", "05ArraysBidimensionais\05ArraysBidimensionais.csproj", "{FCDE9EEA-EE31-41C9-86E1-FF74649E3614}"
EndProject
Project("{9A19103F-16F7-4668-BE54-9A1E7A4F7556}") = "06ArraysBidimensionais", "06ArraysBidimensionais\06ArraysBidimensionais.csproj", "{23BFF919-9526-4CF3-9928-966DF772AE92}"
EndProject
Project("{9A19103F-16F7-4668-BE54-9A1E7A4F7556}") = "07ArrayBidimensionalExercicio", "07ArrayBidimensionalExercicio\07ArrayBidimensionalExercicio.csproj", "{D8EF9709-6816-4C85-ACF2-C9E74DA7CC11}"
EndProject
Project("{9A19103F-16F7-4668-BE54-9A1E7A4F7556}") = "08ArrayList", "08ArrayList\08ArrayList.csproj", "{87FCF254-910B-40A3-AD4F-E2F84E5C74D7}"
EndProject
Project("{9A19103F-16F7-4668-BE54-9A1E7A4F7556}") = "09List", "09List\09List.csproj", "{EEC413D0-E263-43D5-A79C-831DBD53BE4F}"
EndProject
Project("{9A19103F-16F7-4668-BE54-9A1E7A4F7556}") = "10MetodosFind", "10MetodosFind\10MetodosFind.csproj", "{90B86016-28FA-45CE-A211-1489AAB1F533}"
EndProject
Project("{9A19103F-16F7-4668-BE54-9A1E7A4F7556}") = "11List_Exercicio", "11Exercicio\11List_Exercicio.csproj", "{E2F1027A-AA7D-4AFF-AB1A-8989DE2D7560}"
EndProject
Project("{FAE04EC0-301F-11D3-BF4B-00C04F79EFBC}") = "11List_Exercicio_Resolucao", "11List_Exercicio_Resolucao\11List_Exercicio_Resolucao.csproj", "{A21309DF-1735-469A-88BE-6DAA57A4F0B7}"
EndProject
Project("{FAE04EC0-301F-11D3-BF4B-00C04F79EFBC}") = "12Indexadores", "12Indexadores\12Indexadores.csproj", "{E38295B5-024D-4B24-AEF4-EE56251920B9}"
EndProject
Project("{FAE04EC0-301F-11D3-BF4B-00C04F79EFBC}") = "12NumerosAleatorios", "12NumerosAleatorios\12NumerosAleatorios.csproj", "{73FA8EC1-C83C-42B0-B7A8-8BB76AE88E12}"
EndProject
Global
	GlobalSection(SolutionConfigurationPlatforms) = preSolution
		Debug|Any CPU = Debug|Any CPU
		Release|Any CPU = Release|Any CPU
	EndGlobalSection
	GlobalSection(ProjectConfigurationPlatforms) = postSolution
		{3825E5C7-F5E6-46E2-A315-31C4CB88FA93}.Debug|Any CPU.ActiveCfg = Debug|Any CPU
		{3825E5C7-F5E6-46E2-A315-31C4CB88FA93}.Debug|Any CPU.Build.0 = Debug|Any CPU
		{3825E5C7-F5E6-46E2-A315-31C4CB88FA93}.Release|Any CPU.ActiveCfg = Release|Any CPU
		{3825E5C7-F5E6-46E2-A315-31C4CB88FA93}.Release|Any CPU.Build.0 = Release|Any CPU
		{5A4CD66A-CB82-4F91-A504-FDF87836CBF5}.Debug|Any CPU.ActiveCfg = Debug|Any CPU
		{5A4CD66A-CB82-4F91-A504-FDF87836CBF5}.Debug|Any CPU.Build.0 = Debug|Any CPU
		{5A4CD66A-CB82-4F91-A504-FDF87836CBF5}.Release|Any CPU.ActiveCfg = Release|Any CPU
		{5A4CD66A-CB82-4F91-A504-FDF87836CBF5}.Release|Any CPU.Build.0 = Release|Any CPU
		{32E02B6A-B006-43E6-BA6D-C8D310573931}.Debug|Any CPU.ActiveCfg = Debug|Any CPU
		{32E02B6A-B006-43E6-BA6D-C8D310573931}.Debug|Any CPU.Build.0 = Debug|Any CPU
		{32E02B6A-B006-43E6-BA6D-C8D310573931}.Release|Any CPU.ActiveCfg = Release|Any CPU
		{32E02B6A-B006-43E6-BA6D-C8D310573931}.Release|Any CPU.Build.0 = Release|Any CPU
		{820ABAAD-295D-408B-BF59-9A83B1083DAF}.Debug|Any CPU.ActiveCfg = Debug|Any CPU
		{820ABAAD-295D-408B-BF59-9A83B1083DAF}.Debug|Any CPU.Build.0 = Debug|Any CPU
		{820ABAAD-295D-408B-BF59-9A83B1083DAF}.Release|Any CPU.ActiveCfg = Release|Any CPU
		{820ABAAD-295D-408B-BF59-9A83B1083DAF}.Release|Any CPU.Build.0 = Release|Any CPU
		{FCDE9EEA-EE31-41C9-86E1-FF74649E3614}.Debug|Any CPU.ActiveCfg = Debug|Any CPU
		{FCDE9EEA-EE31-41C9-86E1-FF74649E3614}.Debug|Any CPU.Build.0 = Debug|Any CPU
		{FCDE9EEA-EE31-41C9-86E1-FF74649E3614}.Release|Any CPU.ActiveCfg = Release|Any CPU
		{FCDE9EEA-EE31-41C9-86E1-FF74649E3614}.Release|Any CPU.Build.0 = Release|Any CPU
		{23BFF919-9526-4CF3-9928-966DF772AE92}.Debug|Any CPU.ActiveCfg = Debug|Any CPU
		{23BFF919-9526-4CF3-9928-966DF772AE92}.Debug|Any CPU.Build.0 = Debug|Any CPU
		{23BFF919-9526-4CF3-9928-966DF772AE92}.Release|Any CPU.ActiveCfg = Release|Any CPU
		{23BFF919-9526-4CF3-9928-966DF772AE92}.Release|Any CPU.Build.0 = Release|Any CPU
		{D8EF9709-6816-4C85-ACF2-C9E74DA7CC11}.Debug|Any CPU.ActiveCfg = Debug|Any CPU
		{D8EF9709-6816-4C85-ACF2-C9E74DA7CC11}.Debug|Any CPU.Build.0 = Debug|Any CPU
		{D8EF9709-6816-4C85-ACF2-C9E74DA7CC11}.Release|Any CPU.ActiveCfg = Release|Any CPU
		{D8EF9709-6816-4C85-ACF2-C9E74DA7CC11}.Release|Any CPU.Build.0 = Release|Any CPU
		{87FCF254-910B-40A3-AD4F-E2F84E5C74D7}.Debug|Any CPU.ActiveCfg = Debug|Any CPU
		{87FCF254-910B-40A3-AD4F-E2F84E5C74D7}.Debug|Any CPU.Build.0 = Debug|Any CPU
		{87FCF254-910B-40A3-AD4F-E2F84E5C74D7}.Release|Any CPU.ActiveCfg = Release|Any CPU
		{87FCF254-910B-40A3-AD4F-E2F84E5C74D7}.Release|Any CPU.Build.0 = Release|Any CPU
		{EEC413D0-E263-43D5-A79C-831DBD53BE4F}.Debug|Any CPU.ActiveCfg = Debug|Any CPU
		{EEC413D0-E263-43D5-A79C-831DBD53BE4F}.Debug|Any CPU.Build.0 = Debug|Any CPU
		{EEC413D0-E263-43D5-A79C-831DBD53BE4F}.Release|Any CPU.ActiveCfg = Release|Any CPU
		{EEC413D0-E263-43D5-A79C-831DBD53BE4F}.Release|Any CPU.Build.0 = Release|Any CPU
		{90B86016-28FA-45CE-A211-1489AAB1F533}.Debug|Any CPU.ActiveCfg = Debug|Any CPU
		{90B86016-28FA-45CE-A211-1489AAB1F533}.Debug|Any CPU.Build.0 = Debug|Any CPU
		{90B86016-28FA-45CE-A211-1489AAB1F533}.Release|Any CPU.ActiveCfg = Release|Any CPU
		{90B86016-28FA-45CE-A211-1489AAB1F533}.Release|Any CPU.Build.0 = Release|Any CPU
		{E2F1027A-AA7D-4AFF-AB1A-8989DE2D7560}.Debug|Any CPU.ActiveCfg = Debug|Any CPU
		{E2F1027A-AA7D-4AFF-AB1A-8989DE2D7560}.Debug|Any CPU.Build.0 = Debug|Any CPU
		{E2F1027A-AA7D-4AFF-AB1A-8989DE2D7560}.Release|Any CPU.ActiveCfg = Release|Any CPU
		{E2F1027A-AA7D-4AFF-AB1A-8989DE2D7560}.Release|Any CPU.Build.0 = Release|Any CPU
		{A21309DF-1735-469A-88BE-6DAA57A4F0B7}.Debug|Any CPU.ActiveCfg = Debug|Any CPU
		{A21309DF-1735-469A-88BE-6DAA57A4F0B7}.Debug|Any CPU.Build.0 = Debug|Any CPU
		{A21309DF-1735-469A-88BE-6DAA57A4F0B7}.Release|Any CPU.ActiveCfg = Release|Any CPU
		{A21309DF-1735-469A-88BE-6DAA57A4F0B7}.Release|Any CPU.Build.0 = Release|Any CPU
		{E38295B5-024D-4B24-AEF4-EE56251920B9}.Debug|Any CPU.ActiveCfg = Debug|Any CPU
		{E38295B5-024D-4B24-AEF4-EE56251920B9}.Debug|Any CPU.Build.0 = Debug|Any CPU
		{E38295B5-024D-4B24-AEF4-EE56251920B9}.Release|Any CPU.ActiveCfg = Release|Any CPU
		{E38295B5-024D-4B24-AEF4-EE56251920B9}.Release|Any CPU.Build.0 = Release|Any CPU
		{73FA8EC1-C83C-42B0-B7A8-8BB76AE88E12}.Debug|Any CPU.ActiveCfg = Debug|Any CPU
		{73FA8EC1-C83C-42B0-B7A8-8BB76AE88E12}.Debug|Any CPU.Build.0 = Debug|Any CPU
		{73FA8EC1-C83C-42B0-B7A8-8BB76AE88E12}.Release|Any CPU.ActiveCfg = Release|Any CPU
		{73FA8EC1-C83C-42B0-B7A8-8BB76AE88E12}.Release|Any CPU.Build.0 = Release|Any CPU
	EndGlobalSection
	GlobalSection(SolutionProperties) = preSolution
		HideSolutionNode = FALSE
	EndGlobalSection
	GlobalSection(ExtensibilityGlobals) = postSolution
		SolutionGuid = {FFA4F821-68E8-4D06-BEBC-4D44D3F1B8FC}
	EndGlobalSection
EndGlobal
