
Microsoft Visual Studio Solution File, Format Version 12.00
# Visual Studio Version 17
VisualStudioVersion = 17.7.34031.279
MinimumVisualStudioVersion = 10.0.40219.1
Project("{9A19103F-16F7-4668-BE54-9A1E7A4F7556}") = "01Arrays", "01Arrays\01Arrays.csproj", "{3825E5C7-F5E6-46E2-A315-31C4CB88FA93}"
EndProject
Project("{FAE04EC0-301F-11D3-BF4B-00C04F79EFBC}") = "02ClasseArray_Metodos", "02ClasseArray_Metodos\02ClasseArray_Metodos.csproj", "{5A4CD66A-CB82-4F91-A504-FDF87836CBF5}"
EndProject
Project("{FAE04EC0-301F-11D3-BF4B-00C04F79EFBC}") = "03Exercicio", "03Exercicio\03Exercicio.csproj", "{32E02B6A-B006-43E6-BA6D-C8D310573931}"
EndProject
Global
	GlobalSection(SolutionConfigurationPlatforms) = preSolution
		Debug|Any CPU = Debug|Any CPU
		Release|Any CPU = Release|Any CPU
	EndGlobalSection
	GlobalSection(ProjectConfigurationPlatforms) = postSolution
		{3825E5C7-F5E6-46E2-A315-31C4CB88FA93}.Debug|Any CPU.ActiveCfg = Debug|Any CPU
		{3825E5C7-F5E6-46E2-A315-31C4CB88FA93}.Debug|Any CPU.Build.0 = Debug|Any CPU
		{3825E5C7-F5E6-46E2-A315-31C4CB88FA93}.Release|Any CPU.ActiveCfg = Release|Any CPU
		{3825E5C7-F5E6-46E2-A315-31C4CB88FA93}.Release|Any CPU.Build.0 = Release|Any CPU
		{5A4CD66A-CB82-4F91-A504-FDF87836CBF5}.Debug|Any CPU.ActiveCfg = Debug|Any CPU
		{5A4CD66A-CB82-4F91-A504-FDF87836CBF5}.Debug|Any CPU.Build.0 = Debug|Any CPU
		{5A4CD66A-CB82-4F91-A504-FDF87836CBF5}.Release|Any CPU.ActiveCfg = Release|Any CPU
		{5A4CD66A-CB82-4F91-A504-FDF87836CBF5}.Release|Any CPU.Build.0 = Release|Any CPU
		{32E02B6A-B006-43E6-BA6D-C8D310573931}.Debug|Any CPU.ActiveCfg = Debug|Any CPU
		{32E02B6A-B006-43E6-BA6D-C8D310573931}.Debug|Any CPU.Build.0 = Debug|Any CPU
		{32E02B6A-B006-43E6-BA6D-C8D310573931}.Release|Any CPU.ActiveCfg = Release|Any CPU
		{32E02B6A-B006-43E6-BA6D-C8D310573931}.Release|Any CPU.Build.0 = Release|Any CPU
	EndGlobalSection
	GlobalSection(SolutionProperties) = preSolution
		HideSolutionNode = FALSE
	EndGlobalSection
	GlobalSection(ExtensibilityGlobals) = postSolution
		SolutionGuid = {FFA4F821-68E8-4D06-BEBC-4D44D3F1B8FC}
	EndGlobalSection
EndGlobal
