
Microsoft Visual Studio Solution File, Format Version 12.00
# Visual Studio Version 17
VisualStudioVersion = 17.8.34316.72
MinimumVisualStudioVersion = 10.0.40219.1
Project("{9A19103F-16F7-4668-BE54-9A1E7A4F7556}") = "LINQMotivacao1", "LINQMotivacao1\LINQMotivacao1.csproj", "{4C9436AD-2798-4F95-B991-D76147C040DE}"
EndProject
Project("{9A19103F-16F7-4668-BE54-9A1E7A4F7556}") = "01LINQFundamentos1", "01LINQFundamentos1\01LINQFundamentos1.csproj", "{2E564A71-08FC-4B13-BEA7-E018530A4A6C}"
EndProject
Project("{9A19103F-16F7-4668-BE54-9A1E7A4F7556}") = "02LINQProjecao", "02LINQProjecao\02LINQProjecao.csproj", "{8A691DAB-8864-47A8-906B-7537FD9F20EB}"
EndProject
Project("{FAE04EC0-301F-11D3-BF4B-00C04F79EFBC}") = "03LINQ_OperacoesConjunto", "03LINQ_OperacoesConjunto\03LINQ_OperacoesConjunto.csproj", "{C035A3F2-A885-418D-8491-E3287DE50D99}"
EndProject
Global
	GlobalSection(SolutionConfigurationPlatforms) = preSolution
		Debug|Any CPU = Debug|Any CPU
		Release|Any CPU = Release|Any CPU
	EndGlobalSection
	GlobalSection(ProjectConfigurationPlatforms) = postSolution
		{4C9436AD-2798-4F95-B991-D76147C040DE}.Debug|Any CPU.ActiveCfg = Debug|Any CPU
		{4C9436AD-2798-4F95-B991-D76147C040DE}.Debug|Any CPU.Build.0 = Debug|Any CPU
		{4C9436AD-2798-4F95-B991-D76147C040DE}.Release|Any CPU.ActiveCfg = Release|Any CPU
		{4C9436AD-2798-4F95-B991-D76147C040DE}.Release|Any CPU.Build.0 = Release|Any CPU
		{2E564A71-08FC-4B13-BEA7-E018530A4A6C}.Debug|Any CPU.ActiveCfg = Debug|Any CPU
		{2E564A71-08FC-4B13-BEA7-E018530A4A6C}.Debug|Any CPU.Build.0 = Debug|Any CPU
		{2E564A71-08FC-4B13-BEA7-E018530A4A6C}.Release|Any CPU.ActiveCfg = Release|Any CPU
		{2E564A71-08FC-4B13-BEA7-E018530A4A6C}.Release|Any CPU.Build.0 = Release|Any CPU
		{8A691DAB-8864-47A8-906B-7537FD9F20EB}.Debug|Any CPU.ActiveCfg = Debug|Any CPU
		{8A691DAB-8864-47A8-906B-7537FD9F20EB}.Debug|Any CPU.Build.0 = Debug|Any CPU
		{8A691DAB-8864-47A8-906B-7537FD9F20EB}.Release|Any CPU.ActiveCfg = Release|Any CPU
		{8A691DAB-8864-47A8-906B-7537FD9F20EB}.Release|Any CPU.Build.0 = Release|Any CPU
		{C035A3F2-A885-418D-8491-E3287DE50D99}.Debug|Any CPU.ActiveCfg = Debug|Any CPU
		{C035A3F2-A885-418D-8491-E3287DE50D99}.Debug|Any CPU.Build.0 = Debug|Any CPU
		{C035A3F2-A885-418D-8491-E3287DE50D99}.Release|Any CPU.ActiveCfg = Release|Any CPU
		{C035A3F2-A885-418D-8491-E3287DE50D99}.Release|Any CPU.Build.0 = Release|Any CPU
	EndGlobalSection
	GlobalSection(SolutionProperties) = preSolution
		HideSolutionNode = FALSE
	EndGlobalSection
	GlobalSection(ExtensibilityGlobals) = postSolution
		SolutionGuid = {7B723080-7F5A-4122-BDA6-8ED7431A14F9}
	EndGlobalSection
EndGlobal
