
Microsoft Visual Studio Solution File, Format Version 12.00
# Visual Studio Version 17
VisualStudioVersion = 17.7.34003.232
MinimumVisualStudioVersion = 10.0.40219.1
Project("{9A19103F-16F7-4668-BE54-9A1E7A4F7556}") = "01Delegates", "01Delegates\01Delegates.csproj", "{5C976E74-437C-4AD2-8782-59E656CF1C5E}"
EndProject
Project("{9A19103F-16F7-4668-BE54-9A1E7A4F7556}") = "02DelegateMulticast", "02DelegateMulticast\02DelegateMulticast.csproj", "{61AD769D-4E25-45FD-A540-5FCAD62CC75F}"
EndProject
Project("{9A19103F-16F7-4668-BE54-9A1E7A4F7556}") = "03MetodosAnonimos", "03MetodosAnonimos\03MetodosAnonimos.csproj", "{AC5AF237-8C62-4B56-93CD-86BA0F9B584A}"
EndProject
Project("{FAE04EC0-301F-11D3-BF4B-00C04F79EFBC}") = "04ExpressaoLambda", "04ExpressaoLambda\04ExpressaoLambda.csproj", "{6FEBBB21-7936-4D5A-BC28-C6EF18C6A79C}"
EndProject
Global
	GlobalSection(SolutionConfigurationPlatforms) = preSolution
		Debug|Any CPU = Debug|Any CPU
		Release|Any CPU = Release|Any CPU
	EndGlobalSection
	GlobalSection(ProjectConfigurationPlatforms) = postSolution
		{5C976E74-437C-4AD2-8782-59E656CF1C5E}.Debug|Any CPU.ActiveCfg = Debug|Any CPU
		{5C976E74-437C-4AD2-8782-59E656CF1C5E}.Debug|Any CPU.Build.0 = Debug|Any CPU
		{5C976E74-437C-4AD2-8782-59E656CF1C5E}.Release|Any CPU.ActiveCfg = Release|Any CPU
		{5C976E74-437C-4AD2-8782-59E656CF1C5E}.Release|Any CPU.Build.0 = Release|Any CPU
		{61AD769D-4E25-45FD-A540-5FCAD62CC75F}.Debug|Any CPU.ActiveCfg = Debug|Any CPU
		{61AD769D-4E25-45FD-A540-5FCAD62CC75F}.Debug|Any CPU.Build.0 = Debug|Any CPU
		{61AD769D-4E25-45FD-A540-5FCAD62CC75F}.Release|Any CPU.ActiveCfg = Release|Any CPU
		{61AD769D-4E25-45FD-A540-5FCAD62CC75F}.Release|Any CPU.Build.0 = Release|Any CPU
		{AC5AF237-8C62-4B56-93CD-86BA0F9B584A}.Debug|Any CPU.ActiveCfg = Debug|Any CPU
		{AC5AF237-8C62-4B56-93CD-86BA0F9B584A}.Debug|Any CPU.Build.0 = Debug|Any CPU
		{AC5AF237-8C62-4B56-93CD-86BA0F9B584A}.Release|Any CPU.ActiveCfg = Release|Any CPU
		{AC5AF237-8C62-4B56-93CD-86BA0F9B584A}.Release|Any CPU.Build.0 = Release|Any CPU
		{6FEBBB21-7936-4D5A-BC28-C6EF18C6A79C}.Debug|Any CPU.ActiveCfg = Debug|Any CPU
		{6FEBBB21-7936-4D5A-BC28-C6EF18C6A79C}.Debug|Any CPU.Build.0 = Debug|Any CPU
		{6FEBBB21-7936-4D5A-BC28-C6EF18C6A79C}.Release|Any CPU.ActiveCfg = Release|Any CPU
		{6FEBBB21-7936-4D5A-BC28-C6EF18C6A79C}.Release|Any CPU.Build.0 = Release|Any CPU
	EndGlobalSection
	GlobalSection(SolutionProperties) = preSolution
		HideSolutionNode = FALSE
	EndGlobalSection
	GlobalSection(ExtensibilityGlobals) = postSolution
		SolutionGuid = {2B401C9F-0469-4DBC-9CDE-C88B8644921D}
	EndGlobalSection
EndGlobal
