
Microsoft Visual Studio Solution File, Format Version 12.00
# Visual Studio Version 17
VisualStudioVersion = 17.7.34031.279
MinimumVisualStudioVersion = 10.0.40219.1
Project("{9A19103F-16F7-4668-BE54-9A1E7A4F7556}") = "01Generics", "01Generics\01Generics.csproj", "{12DE8A5E-D4B6-466E-8525-F40A282AF4B4}"
EndProject
Project("{9A19103F-16F7-4668-BE54-9A1E7A4F7556}") = "02Generics", "02Generics\02Generics.csproj", "{C2E8FBAF-A415-43D1-B8FF-4EFD653FD880}"
EndProject
Project("{9A19103F-16F7-4668-BE54-9A1E7A4F7556}") = "03Analise1", "03Analise1\03Analise1.csproj", "{62BBD116-B35B-48E4-9BDF-1507ED0FA6CD}"
EndProject
Project("{9A19103F-16F7-4668-BE54-9A1E7A4F7556}") = "04Analise2", "04Analise2\04Analise2.csproj", "{ED143D31-421E-4BC1-B81A-91216033FDC6}"
EndProject
Project("{9A19103F-16F7-4668-BE54-9A1E7A4F7556}") = "05Analise3", "05Analise3\05Analise3.csproj", "{9C12C995-91B2-4723-8C13-F62AB3D0CE2B}"
EndProject
Project("{9A19103F-16F7-4668-BE54-9A1E7A4F7556}") = "06GetHashCode_Equals1", "06GetHashCode_Equals\06GetHashCode_Equals1.csproj", "{6102460D-373A-4ABB-8680-3938024BF2F9}"
EndProject
Project("{9A19103F-16F7-4668-BE54-9A1E7A4F7556}") = "07Dictionary", "07Dictionary\07Dictionary.csproj", "{8308EB46-B01F-4A14-8D49-B483C62BAB7F}"
EndProject
Project("{9A19103F-16F7-4668-BE54-9A1E7A4F7556}") = "08Dictionary_Exercicio", "08Dictionary_Exercicio\08Dictionary_Exercicio.csproj", "{38466213-8C6A-4B61-A173-4DC63109F80B}"
EndProject
Project("{9A19103F-16F7-4668-BE54-9A1E7A4F7556}") = "09SortedDictionary", "09SortedDictionary\09SortedDictionary.csproj", "{C5A79536-B96B-411D-BB25-CDF1A24F69EB}"
EndProject
Project("{9A19103F-16F7-4668-BE54-9A1E7A4F7556}") = "10HashSet", "10HashSet\10HashSet.csproj", "{D82166CD-5E91-44A7-8392-EC963A0A218C}"
EndProject
Project("{9A19103F-16F7-4668-BE54-9A1E7A4F7556}") = "11SortedSet", "11SortedSet\11SortedSet.csproj", "{3691C91E-4409-4855-9ECA-A7B9F6BD9807}"
EndProject
Project("{9A19103F-16F7-4668-BE54-9A1E7A4F7556}") = "12Stack", "12Stack\12Stack.csproj", "{414CE6B7-196D-4117-B77F-01072F69C911}"
EndProject
Project("{9A19103F-16F7-4668-BE54-9A1E7A4F7556}") = "13StackUndo", "13StackUndo\13StackUndo.csproj", "{C7B7B037-0395-4F57-8A09-D216FB4F94AE}"
EndProject
Project("{9A19103F-16F7-4668-BE54-9A1E7A4F7556}") = "14Queue", "14Queue\14Queue.csproj", "{F3AA7062-B6B6-46B7-A87E-DDDB3EA23559}"
EndProject
Project("{9A19103F-16F7-4668-BE54-9A1E7A4F7556}") = "15QueueExercicio", "15QueueExercicio\15QueueExercicio.csproj", "{49604731-F9E8-45BD-8848-35C3DF85D7AE}"
EndProject
Project("{FAE04EC0-301F-11D3-BF4B-00C04F79EFBC}") = "ColecaoSomenteLeitura", "ColecaoSomenteLeitura\ColecaoSomenteLeitura.csproj", "{E1C57587-51B9-4E02-BC03-4B90C1D79CF3}"
EndProject
Global
	GlobalSection(SolutionConfigurationPlatforms) = preSolution
		Debug|Any CPU = Debug|Any CPU
		Release|Any CPU = Release|Any CPU
	EndGlobalSection
	GlobalSection(ProjectConfigurationPlatforms) = postSolution
		{12DE8A5E-D4B6-466E-8525-F40A282AF4B4}.Debug|Any CPU.ActiveCfg = Debug|Any CPU
		{12DE8A5E-D4B6-466E-8525-F40A282AF4B4}.Debug|Any CPU.Build.0 = Debug|Any CPU
		{12DE8A5E-D4B6-466E-8525-F40A282AF4B4}.Release|Any CPU.ActiveCfg = Release|Any CPU
		{12DE8A5E-D4B6-466E-8525-F40A282AF4B4}.Release|Any CPU.Build.0 = Release|Any CPU
		{C2E8FBAF-A415-43D1-B8FF-4EFD653FD880}.Debug|Any CPU.ActiveCfg = Debug|Any CPU
		{C2E8FBAF-A415-43D1-B8FF-4EFD653FD880}.Debug|Any CPU.Build.0 = Debug|Any CPU
		{C2E8FBAF-A415-43D1-B8FF-4EFD653FD880}.Release|Any CPU.ActiveCfg = Release|Any CPU
		{C2E8FBAF-A415-43D1-B8FF-4EFD653FD880}.Release|Any CPU.Build.0 = Release|Any CPU
		{62BBD116-B35B-48E4-9BDF-1507ED0FA6CD}.Debug|Any CPU.ActiveCfg = Debug|Any CPU
		{62BBD116-B35B-48E4-9BDF-1507ED0FA6CD}.Debug|Any CPU.Build.0 = Debug|Any CPU
		{62BBD116-B35B-48E4-9BDF-1507ED0FA6CD}.Release|Any CPU.ActiveCfg = Release|Any CPU
		{62BBD116-B35B-48E4-9BDF-1507ED0FA6CD}.Release|Any CPU.Build.0 = Release|Any CPU
		{ED143D31-421E-4BC1-B81A-91216033FDC6}.Debug|Any CPU.ActiveCfg = Debug|Any CPU
		{ED143D31-421E-4BC1-B81A-91216033FDC6}.Debug|Any CPU.Build.0 = Debug|Any CPU
		{ED143D31-421E-4BC1-B81A-91216033FDC6}.Release|Any CPU.ActiveCfg = Release|Any CPU
		{ED143D31-421E-4BC1-B81A-91216033FDC6}.Release|Any CPU.Build.0 = Release|Any CPU
		{9C12C995-91B2-4723-8C13-F62AB3D0CE2B}.Debug|Any CPU.ActiveCfg = Debug|Any CPU
		{9C12C995-91B2-4723-8C13-F62AB3D0CE2B}.Debug|Any CPU.Build.0 = Debug|Any CPU
		{9C12C995-91B2-4723-8C13-F62AB3D0CE2B}.Release|Any CPU.ActiveCfg = Release|Any CPU
		{9C12C995-91B2-4723-8C13-F62AB3D0CE2B}.Release|Any CPU.Build.0 = Release|Any CPU
		{6102460D-373A-4ABB-8680-3938024BF2F9}.Debug|Any CPU.ActiveCfg = Debug|Any CPU
		{6102460D-373A-4ABB-8680-3938024BF2F9}.Debug|Any CPU.Build.0 = Debug|Any CPU
		{6102460D-373A-4ABB-8680-3938024BF2F9}.Release|Any CPU.ActiveCfg = Release|Any CPU
		{6102460D-373A-4ABB-8680-3938024BF2F9}.Release|Any CPU.Build.0 = Release|Any CPU
		{8308EB46-B01F-4A14-8D49-B483C62BAB7F}.Debug|Any CPU.ActiveCfg = Debug|Any CPU
		{8308EB46-B01F-4A14-8D49-B483C62BAB7F}.Debug|Any CPU.Build.0 = Debug|Any CPU
		{8308EB46-B01F-4A14-8D49-B483C62BAB7F}.Release|Any CPU.ActiveCfg = Release|Any CPU
		{8308EB46-B01F-4A14-8D49-B483C62BAB7F}.Release|Any CPU.Build.0 = Release|Any CPU
		{38466213-8C6A-4B61-A173-4DC63109F80B}.Debug|Any CPU.ActiveCfg = Debug|Any CPU
		{38466213-8C6A-4B61-A173-4DC63109F80B}.Debug|Any CPU.Build.0 = Debug|Any CPU
		{38466213-8C6A-4B61-A173-4DC63109F80B}.Release|Any CPU.ActiveCfg = Release|Any CPU
		{38466213-8C6A-4B61-A173-4DC63109F80B}.Release|Any CPU.Build.0 = Release|Any CPU
		{C5A79536-B96B-411D-BB25-CDF1A24F69EB}.Debug|Any CPU.ActiveCfg = Debug|Any CPU
		{C5A79536-B96B-411D-BB25-CDF1A24F69EB}.Debug|Any CPU.Build.0 = Debug|Any CPU
		{C5A79536-B96B-411D-BB25-CDF1A24F69EB}.Release|Any CPU.ActiveCfg = Release|Any CPU
		{C5A79536-B96B-411D-BB25-CDF1A24F69EB}.Release|Any CPU.Build.0 = Release|Any CPU
		{D82166CD-5E91-44A7-8392-EC963A0A218C}.Debug|Any CPU.ActiveCfg = Debug|Any CPU
		{D82166CD-5E91-44A7-8392-EC963A0A218C}.Debug|Any CPU.Build.0 = Debug|Any CPU
		{D82166CD-5E91-44A7-8392-EC963A0A218C}.Release|Any CPU.ActiveCfg = Release|Any CPU
		{D82166CD-5E91-44A7-8392-EC963A0A218C}.Release|Any CPU.Build.0 = Release|Any CPU
		{3691C91E-4409-4855-9ECA-A7B9F6BD9807}.Debug|Any CPU.ActiveCfg = Debug|Any CPU
		{3691C91E-4409-4855-9ECA-A7B9F6BD9807}.Debug|Any CPU.Build.0 = Debug|Any CPU
		{3691C91E-4409-4855-9ECA-A7B9F6BD9807}.Release|Any CPU.ActiveCfg = Release|Any CPU
		{3691C91E-4409-4855-9ECA-A7B9F6BD9807}.Release|Any CPU.Build.0 = Release|Any CPU
		{414CE6B7-196D-4117-B77F-01072F69C911}.Debug|Any CPU.ActiveCfg = Debug|Any CPU
		{414CE6B7-196D-4117-B77F-01072F69C911}.Debug|Any CPU.Build.0 = Debug|Any CPU
		{414CE6B7-196D-4117-B77F-01072F69C911}.Release|Any CPU.ActiveCfg = Release|Any CPU
		{414CE6B7-196D-4117-B77F-01072F69C911}.Release|Any CPU.Build.0 = Release|Any CPU
		{C7B7B037-0395-4F57-8A09-D216FB4F94AE}.Debug|Any CPU.ActiveCfg = Debug|Any CPU
		{C7B7B037-0395-4F57-8A09-D216FB4F94AE}.Debug|Any CPU.Build.0 = Debug|Any CPU
		{C7B7B037-0395-4F57-8A09-D216FB4F94AE}.Release|Any CPU.ActiveCfg = Release|Any CPU
		{C7B7B037-0395-4F57-8A09-D216FB4F94AE}.Release|Any CPU.Build.0 = Release|Any CPU
		{F3AA7062-B6B6-46B7-A87E-DDDB3EA23559}.Debug|Any CPU.ActiveCfg = Debug|Any CPU
		{F3AA7062-B6B6-46B7-A87E-DDDB3EA23559}.Debug|Any CPU.Build.0 = Debug|Any CPU
		{F3AA7062-B6B6-46B7-A87E-DDDB3EA23559}.Release|Any CPU.ActiveCfg = Release|Any CPU
		{F3AA7062-B6B6-46B7-A87E-DDDB3EA23559}.Release|Any CPU.Build.0 = Release|Any CPU
		{49604731-F9E8-45BD-8848-35C3DF85D7AE}.Debug|Any CPU.ActiveCfg = Debug|Any CPU
		{49604731-F9E8-45BD-8848-35C3DF85D7AE}.Debug|Any CPU.Build.0 = Debug|Any CPU
		{49604731-F9E8-45BD-8848-35C3DF85D7AE}.Release|Any CPU.ActiveCfg = Release|Any CPU
		{49604731-F9E8-45BD-8848-35C3DF85D7AE}.Release|Any CPU.Build.0 = Release|Any CPU
		{E1C57587-51B9-4E02-BC03-4B90C1D79CF3}.Debug|Any CPU.ActiveCfg = Debug|Any CPU
		{E1C57587-51B9-4E02-BC03-4B90C1D79CF3}.Debug|Any CPU.Build.0 = Debug|Any CPU
		{E1C57587-51B9-4E02-BC03-4B90C1D79CF3}.Release|Any CPU.ActiveCfg = Release|Any CPU
		{E1C57587-51B9-4E02-BC03-4B90C1D79CF3}.Release|Any CPU.Build.0 = Release|Any CPU
	EndGlobalSection
	GlobalSection(SolutionProperties) = preSolution
		HideSolutionNode = FALSE
	EndGlobalSection
	GlobalSection(ExtensibilityGlobals) = postSolution
		SolutionGuid = {E29EEC05-6992-4F0B-8115-AB92F3080915}
	EndGlobalSection
EndGlobal
