
Microsoft Visual Studio Solution File, Format Version 12.00
# Visual Studio Version 17
VisualStudioVersion = 17.7.34009.444
MinimumVisualStudioVersion = 10.0.40219.1
Project("{9A19103F-16F7-4668-BE54-9A1E7A4F7556}") = "01ExercicioPratico", "01ExercicioPratico\01ExercicioPratico.csproj", "{45E73637-AB79-4D25-9C16-BDD10F3C5D87}"
EndProject
Project("{9A19103F-16F7-4668-BE54-9A1E7A4F7556}") = "02ExercicioPratico", "02ExercicioPratico\02ExercicioPratico.csproj", "{83789C8B-A939-407A-AC60-A7936B023BD7}"
EndProject
Project("{9A19103F-16F7-4668-BE54-9A1E7A4F7556}") = "03ExercicioPratico", "03ExercicioPratico\03ExercicioPratico.csproj", "{C1659B8F-E26E-48E0-890E-2EC0C60E0CD8}"
EndProject
Project("{9A19103F-16F7-4668-BE54-9A1E7A4F7556}") = "04ExercicioPratico", "04ExercicioPratico\04ExercicioPratico.csproj", "{DF0C0931-4E83-4D6F-8B7A-827B99F11D1D}"
EndProject
Project("{FAE04EC0-301F-11D3-BF4B-00C04F79EFBC}") = "05ExercicioPratico", "05ExercicioPratico\05ExercicioPratico.csproj", "{389DA411-6076-48BE-A672-016ABC2E739C}"
EndProject
Global
	GlobalSection(SolutionConfigurationPlatforms) = preSolution
		Debug|Any CPU = Debug|Any CPU
		Release|Any CPU = Release|Any CPU
	EndGlobalSection
	GlobalSection(ProjectConfigurationPlatforms) = postSolution
		{45E73637-AB79-4D25-9C16-BDD10F3C5D87}.Debug|Any CPU.ActiveCfg = Debug|Any CPU
		{45E73637-AB79-4D25-9C16-BDD10F3C5D87}.Debug|Any CPU.Build.0 = Debug|Any CPU
		{45E73637-AB79-4D25-9C16-BDD10F3C5D87}.Release|Any CPU.ActiveCfg = Release|Any CPU
		{45E73637-AB79-4D25-9C16-BDD10F3C5D87}.Release|Any CPU.Build.0 = Release|Any CPU
		{83789C8B-A939-407A-AC60-A7936B023BD7}.Debug|Any CPU.ActiveCfg = Debug|Any CPU
		{83789C8B-A939-407A-AC60-A7936B023BD7}.Debug|Any CPU.Build.0 = Debug|Any CPU
		{83789C8B-A939-407A-AC60-A7936B023BD7}.Release|Any CPU.ActiveCfg = Release|Any CPU
		{83789C8B-A939-407A-AC60-A7936B023BD7}.Release|Any CPU.Build.0 = Release|Any CPU
		{C1659B8F-E26E-48E0-890E-2EC0C60E0CD8}.Debug|Any CPU.ActiveCfg = Debug|Any CPU
		{C1659B8F-E26E-48E0-890E-2EC0C60E0CD8}.Debug|Any CPU.Build.0 = Debug|Any CPU
		{C1659B8F-E26E-48E0-890E-2EC0C60E0CD8}.Release|Any CPU.ActiveCfg = Release|Any CPU
		{C1659B8F-E26E-48E0-890E-2EC0C60E0CD8}.Release|Any CPU.Build.0 = Release|Any CPU
		{DF0C0931-4E83-4D6F-8B7A-827B99F11D1D}.Debug|Any CPU.ActiveCfg = Debug|Any CPU
		{DF0C0931-4E83-4D6F-8B7A-827B99F11D1D}.Debug|Any CPU.Build.0 = Debug|Any CPU
		{DF0C0931-4E83-4D6F-8B7A-827B99F11D1D}.Release|Any CPU.ActiveCfg = Release|Any CPU
		{DF0C0931-4E83-4D6F-8B7A-827B99F11D1D}.Release|Any CPU.Build.0 = Release|Any CPU
		{389DA411-6076-48BE-A672-016ABC2E739C}.Debug|Any CPU.ActiveCfg = Debug|Any CPU
		{389DA411-6076-48BE-A672-016ABC2E739C}.Debug|Any CPU.Build.0 = Debug|Any CPU
		{389DA411-6076-48BE-A672-016ABC2E739C}.Release|Any CPU.ActiveCfg = Release|Any CPU
		{389DA411-6076-48BE-A672-016ABC2E739C}.Release|Any CPU.Build.0 = Release|Any CPU
	EndGlobalSection
	GlobalSection(SolutionProperties) = preSolution
		HideSolutionNode = FALSE
	EndGlobalSection
	GlobalSection(ExtensibilityGlobals) = postSolution
		SolutionGuid = {46C6299B-637D-47F8-B173-64A993161831}
	EndGlobalSection
EndGlobal
