
Microsoft Visual Studio Solution File, Format Version 12.00
# Visual Studio Version 17
VisualStudioVersion = 17.7.34009.444
MinimumVisualStudioVersion = 10.0.40219.1
Project("{FAE04EC0-301F-11D3-BF4B-00C04F79EFBC}") = "01ExercicioPratico", "01ExercicioPratico\01ExercicioPratico.csproj", "{45E73637-AB79-4D25-9C16-BDD10F3C5D87}"
EndProject
Global
	GlobalSection(SolutionConfigurationPlatforms) = preSolution
		Debug|Any CPU = Debug|Any CPU
		Release|Any CPU = Release|Any CPU
	EndGlobalSection
	GlobalSection(ProjectConfigurationPlatforms) = postSolution
		{45E73637-AB79-4D25-9C16-BDD10F3C5D87}.Debug|Any CPU.ActiveCfg = Debug|Any CPU
		{45E73637-AB79-4D25-9C16-BDD10F3C5D87}.Debug|Any CPU.Build.0 = Debug|Any CPU
		{45E73637-AB79-4D25-9C16-BDD10F3C5D87}.Release|Any CPU.ActiveCfg = Release|Any CPU
		{45E73637-AB79-4D25-9C16-BDD10F3C5D87}.Release|Any CPU.Build.0 = Release|Any CPU
	EndGlobalSection
	GlobalSection(SolutionProperties) = preSolution
		HideSolutionNode = FALSE
	EndGlobalSection
	GlobalSection(ExtensibilityGlobals) = postSolution
		SolutionGuid = {46C6299B-637D-47F8-B173-64A993161831}
	EndGlobalSection
EndGlobal
